// !$*UTF8*$!
{
	archiveVersion = 1;
	classes = {
	};
	objectVersion = 77;
	objects = {

/* Begin PBXBuildFile section */
		A00000000000000000000050 /* Supabase in Frameworks */ = {isa = PBXBuildFile; productRef = A00000000000000000000061 /* Supabase */; };
/* End PBXBuildFile section */

/* Begin PBXContainerItemProxy section */
		A00000000000000000000070 /* PBXContainerItemProxy */ = {
			isa = PBXContainerItemProxy;
			containerPortal = A00000000000000000000001 /* Project object */;
			proxyType = 1;
			remoteGlobalIDString = A00000000000000000000030;
			remoteInfo = BaggerInv;
		};
		A00000000000000000000072 /* PBXContainerItemProxy */ = {
			isa = PBXContainerItemProxy;
			containerPortal = A00000000000000000000001 /* Project object */;
			proxyType = 1;
			remoteGlobalIDString = A00000000000000000000030;
			remoteInfo = BaggerInv;
		};
/* End PBXContainerItemProxy section */

/* Begin PBXFileReference section */
		A00000000000000000000010 /* BaggerInv.app */ = {isa = PBXFileReference; explicitFileType = wrapper.application; includeInIndex = 0; path = BaggerInv.app; sourceTree = BUILT_PRODUCTS_DIR; };
		A00000000000000000000011 /* BaggerInvTests.xctest */ = {isa = PBXFileReference; explicitFileType = wrapper.cfbundle; includeInIndex = 0; path = BaggerInvTests.xctest; sourceTree = BUILT_PRODUCTS_DIR; };
		A00000000000000000000012 /* Base.xcconfig */ = {isa = PBXFileReference; lastKnownFileType = text.xcconfig; path = Base.xcconfig; sourceTree = "<group>"; };
		A00000000000000000000013 /* Preview.xcconfig */ = {isa = PBXFileReference; lastKnownFileType = text.xcconfig; path = Preview.xcconfig; sourceTree = "<group>"; };
		A00000000000000000000014 /* Preview.xcconfig.example */ = {isa = PBXFileReference; lastKnownFileType = text.xcconfig; path = Preview.xcconfig.example; sourceTree = "<group>"; };
		A00000000000000000000015 /* BaggerInvUITests.xctest */ = {isa = PBXFileReference; explicitFileType = wrapper.cfbundle; includeInIndex = 0; path = BaggerInvUITests.xctest; sourceTree = BUILT_PRODUCTS_DIR; };
/* End PBXFileReference section */

/* Begin PBXFileSystemSynchronizedBuildFileExceptionSet section */
		A00000000000000000000022 /* Exceptions for "BaggerInv" folder in "BaggerInv" target */ = {
			isa = PBXFileSystemSynchronizedBuildFileExceptionSet;
			membershipExceptions = (
				Info.plist,
			);
			target = A00000000000000000000030 /* BaggerInv */;
		};
		A00000000000000000000024 /* Exceptions for "BaggerInvUITests" folder in "BaggerInvUITests" target */ = {
			isa = PBXFileSystemSynchronizedBuildFileExceptionSet;
			membershipExceptions = (
				Info.plist,
			);
			target = A00000000000000000000032 /* BaggerInvUITests */;
		};
/* End PBXFileSystemSynchronizedBuildFileExceptionSet section */

/* Begin PBXFileSystemSynchronizedRootGroup section */
		A00000000000000000000020 /* BaggerInv */ = {
			isa = PBXFileSystemSynchronizedRootGroup;
			exceptions = (
				A00000000000000000000022 /* Exceptions for "BaggerInv" folder in "BaggerInv" target */,
			);
			path = BaggerInv;
			sourceTree = "<group>";
		};
		A00000000000000000000021 /* BaggerInvTests */ = {isa = PBXFileSystemSynchronizedRootGroup; path = BaggerInvTests; sourceTree = "<group>"; };
		A00000000000000000000023 /* BaggerInvUITests */ = {
			isa = PBXFileSystemSynchronizedRootGroup;
			exceptions = (
				A00000000000000000000024 /* Exceptions for "BaggerInvUITests" folder in "BaggerInvUITests" target */,
			);
			path = BaggerInvUITests;
			sourceTree = "<group>";
		};
/* End PBXFileSystemSynchronizedRootGroup section */

/* Begin PBXFrameworksBuildPhase section */
		A00000000000000000000042 /* Frameworks */ = {
			isa = PBXFrameworksBuildPhase;
			buildActionMask = 2147483647;
			files = (
				A00000000000000000000050 /* Supabase in Frameworks */,
			);
			runOnlyForDeploymentPostprocessing = 0;
		};
		A00000000000000000000043 /* Frameworks */ = {
			isa = PBXFrameworksBuildPhase;
			buildActionMask = 2147483647;
			files = (
			);
			runOnlyForDeploymentPostprocessing = 0;
		};
		A00000000000000000000048 /* Frameworks */ = {
			isa = PBXFrameworksBuildPhase;
			buildActionMask = 2147483647;
			files = (
			);
			runOnlyForDeploymentPostprocessing = 0;
		};
/* End PBXFrameworksBuildPhase section */

/* Begin PBXGroup section */
		A00000000000000000000002 = {
			isa = PBXGroup;
			children = (
				A00000000000000000000020 /* BaggerInv */,
				A00000000000000000000021 /* BaggerInvTests */,
				A00000000000000000000023 /* BaggerInvUITests */,
				A00000000000000000000004 /* Config */,
				A00000000000000000000003 /* Products */,
			);
			sourceTree = "<group>";
		};
		A00000000000000000000003 /* Products */ = {
			isa = PBXGroup;
			children = (
				A00000000000000000000010 /* BaggerInv.app */,
				A00000000000000000000011 /* BaggerInvTests.xctest */,
				A00000000000000000000015 /* BaggerInvUITests.xctest */,
			);
			name = Products;
			sourceTree = "<group>";
		};
		A00000000000000000000004 /* Config */ = {
			isa = PBXGroup;
			children = (
				A00000000000000000000012 /* Base.xcconfig */,
				A00000000000000000000013 /* Preview.xcconfig */,
				A00000000000000000000014 /* Preview.xcconfig.example */,
			);
			path = Config;
			sourceTree = "<group>";
		};
/* End PBXGroup section */

/* Begin PBXNativeTarget section */
		A00000000000000000000030 /* BaggerInv */ = {
			isa = PBXNativeTarget;
			buildConfigurationList = A00000000000000000000085 /* Build configuration list for PBXNativeTarget "BaggerInv" */;
			buildPhases = (
				A00000000000000000000040 /* Sources */,
				A00000000000000000000042 /* Frameworks */,
				A00000000000000000000044 /* Resources */,
			);
			buildRules = (
			);
			dependencies = (
			);
			fileSystemSynchronizedGroups = (
				A00000000000000000000020 /* BaggerInv */,
			);
			name = BaggerInv;
			packageProductDependencies = (
				A00000000000000000000061 /* Supabase */,
			);
			productName = BaggerInv;
			productReference = A00000000000000000000010 /* BaggerInv.app */;
			productType = "com.apple.product-type.application";
		};
		A00000000000000000000031 /* BaggerInvTests */ = {
			isa = PBXNativeTarget;
			buildConfigurationList = A00000000000000000000088 /* Build configuration list for PBXNativeTarget "BaggerInvTests" */;
			buildPhases = (
				A00000000000000000000041 /* Sources */,
				A00000000000000000000043 /* Frameworks */,
				A00000000000000000000045 /* Resources */,
			);
			buildRules = (
			);
			dependencies = (
				A00000000000000000000071 /* PBXTargetDependency */,
			);
			fileSystemSynchronizedGroups = (
				A00000000000000000000021 /* BaggerInvTests */,
			);
			name = BaggerInvTests;
			packageProductDependencies = (
			);
			productName = BaggerInvTests;
			productReference = A00000000000000000000011 /* BaggerInvTests.xctest */;
			productType = "com.apple.product-type.bundle.unit-test";
		};
		A00000000000000000000032 /* BaggerInvUITests */ = {
			isa = PBXNativeTarget;
			buildConfigurationList = A00000000000000000000091 /* Build configuration list for PBXNativeTarget "BaggerInvUITests" */;
			buildPhases = (
				A00000000000000000000046 /* Sources */,
				A00000000000000000000048 /* Frameworks */,
				A00000000000000000000047 /* Resources */,
			);
			buildRules = (
			);
			dependencies = (
				A00000000000000000000073 /* PBXTargetDependency */,
			);
			fileSystemSynchronizedGroups = (
				A00000000000000000000023 /* BaggerInvUITests */,
			);
			name = BaggerInvUITests;
			packageProductDependencies = (
			);
			productName = BaggerInvUITests;
			productReference = A00000000000000000000015 /* BaggerInvUITests.xctest */;
			productType = "com.apple.product-type.bundle.ui-testing";
		};
/* End PBXNativeTarget section */

/* Begin PBXProject section */
		A00000000000000000000001 /* Project object */ = {
			isa = PBXProject;
			attributes = {
				BuildIndependentTargetsInParallel = 1;
				LastSwiftUpdateCheck = 2660;
				LastUpgradeCheck = 2660;
				TargetAttributes = {
					A00000000000000000000030 = {
						CreatedOnToolsVersion = 26.6;
					};
					A00000000000000000000031 = {
						CreatedOnToolsVersion = 26.6;
						TestTargetID = A00000000000000000000030;
					};
					A00000000000000000000032 = {
						CreatedOnToolsVersion = 26.6;
						TestTargetID = A00000000000000000000030;
					};
				};
			};
			buildConfigurationList = A00000000000000000000082 /* Build configuration list for PBXProject "BaggerInv" */;
			developmentRegion = en;
			hasScannedForEncodings = 0;
			knownRegions = (
				en,
				Base,
			);
			mainGroup = A00000000000000000000002;
			minimizedProjectReferenceProxies = 1;
			packageReferences = (
				A00000000000000000000060 /* XCRemoteSwiftPackageReference "supabase-swift" */,
			);
			preferredProjectObjectVersion = 77;
			productRefGroup = A00000000000000000000003 /* Products */;
			projectDirPath = "";
			projectRoot = "";
			targets = (
				A00000000000000000000030 /* BaggerInv */,
				A00000000000000000000031 /* BaggerInvTests */,
				A00000000000000000000032 /* BaggerInvUITests */,
			);
		};
/* End PBXProject section */

/* Begin PBXResourcesBuildPhase section */
		A00000000000000000000044 /* Resources */ = {
			isa = PBXResourcesBuildPhase;
			buildActionMask = 2147483647;
			files = (
			);
			runOnlyForDeploymentPostprocessing = 0;
		};
		A00000000000000000000045 /* Resources */ = {
			isa = PBXResourcesBuildPhase;
			buildActionMask = 2147483647;
			files = (
			);
			runOnlyForDeploymentPostprocessing = 0;
		};
		A00000000000000000000047 /* Resources */ = {
			isa = PBXResourcesBuildPhase;
			buildActionMask = 2147483647;
			files = (
			);
			runOnlyForDeploymentPostprocessing = 0;
		};
/* End PBXResourcesBuildPhase section */

/* Begin PBXSourcesBuildPhase section */
		A00000000000000000000040 /* Sources */ = {
			isa = PBXSourcesBuildPhase;
			buildActionMask = 2147483647;
			files = (
			);
			runOnlyForDeploymentPostprocessing = 0;
		};
		A00000000000000000000041 /* Sources */ = {
			isa = PBXSourcesBuildPhase;
			buildActionMask = 2147483647;
			files = (
			);
			runOnlyForDeploymentPostprocessing = 0;
		};
		A00000000000000000000046 /* Sources */ = {
			isa = PBXSourcesBuildPhase;
			buildActionMask = 2147483647;
			files = (
			);
			runOnlyForDeploymentPostprocessing = 0;
		};
/* End PBXSourcesBuildPhase section */

/* Begin PBXTargetDependency section */
		A00000000000000000000071 /* PBXTargetDependency */ = {
			isa = PBXTargetDependency;
			target = A00000000000000000000030 /* BaggerInv */;
			targetProxy = A00000000000000000000070 /* PBXContainerItemProxy */;
		};
		A00000000000000000000073 /* PBXTargetDependency */ = {
			isa = PBXTargetDependency;
			target = A00000000000000000000030 /* BaggerInv */;
			targetProxy = A00000000000000000000072 /* PBXContainerItemProxy */;
		};
/* End PBXTargetDependency section */

/* Begin XCBuildConfiguration section */
		A00000000000000000000080 /* Debug */ = {
			isa = XCBuildConfiguration;
			buildSettings = {
				ALWAYS_SEARCH_USER_PATHS = NO;
				CLANG_ENABLE_MODULES = YES;
				CLANG_ENABLE_OBJC_ARC = YES;
				COPY_PHASE_STRIP = NO;
				DEBUG_INFORMATION_FORMAT = dwarf;
				ENABLE_TESTABILITY = YES;
				GCC_C_LANGUAGE_STANDARD = gnu17;
				GCC_OPTIMIZATION_LEVEL = 0;
				GCC_PREPROCESSOR_DEFINITIONS = (
					"DEBUG=1",
					"$(inherited)",
				);
				MTL_ENABLE_DEBUG_INFO = INCLUDE_SOURCE;
				ONLY_ACTIVE_ARCH = YES;
				SDKROOT = iphoneos;
				SWIFT_ACTIVE_COMPILATION_CONDITIONS = DEBUG;
				SWIFT_OPTIMIZATION_LEVEL = "-Onone";
			};
			name = Debug;
		};
		A00000000000000000000081 /* Release */ = {
			isa = XCBuildConfiguration;
			buildSettings = {
				ALWAYS_SEARCH_USER_PATHS = NO;
				CLANG_ENABLE_MODULES = YES;
				CLANG_ENABLE_OBJC_ARC = YES;
				COPY_PHASE_STRIP = NO;
				DEBUG_INFORMATION_FORMAT = "dwarf-with-dsym";
				ENABLE_NS_ASSERTIONS = NO;
				GCC_C_LANGUAGE_STANDARD = gnu17;
				SDKROOT = iphoneos;
				SWIFT_COMPILATION_MODE = wholemodule;
		};
			name = Release;
		};
		A00000000000000000000083 /* Debug */ = {
			isa = XCBuildConfiguration;
			baseConfigurationReference = A00000000000000000000013 /* Preview.xcconfig */;
			buildSettings = {
				CODE_SIGN_STYLE = Automatic;
				CURRENT_PROJECT_VERSION = 1;
				ENABLE_PREVIEWS = YES;
				GENERATE_INFOPLIST_FILE = NO;
				INFOPLIST_FILE = BaggerInv/Info.plist;
				LD_RUNPATH_SEARCH_PATHS = (
					"$(inherited)",
					"@executable_path/Frameworks",
				);
				MARKETING_VERSION = 0.1.0;
				PRODUCT_BUNDLE_IDENTIFIER = "$(BAGGER_BUNDLE_IDENTIFIER)";
				PRODUCT_NAME = "$(TARGET_NAME)";
				SUPPORTED_PLATFORMS = "iphoneos iphonesimulator";
				SUPPORTS_MACCATALYST = NO;
				SWIFT_EMIT_LOC_STRINGS = YES;
				SWIFT_STRICT_CONCURRENCY = complete;
				TARGETED_DEVICE_FAMILY = 1;
			};
			name = Debug;
		};
		A00000000000000000000084 /* Release */ = {
			isa = XCBuildConfiguration;
			baseConfigurationReference = A00000000000000000000013 /* Preview.xcconfig */;
			buildSettings = {
				CODE_SIGN_STYLE = Automatic;
				CURRENT_PROJECT_VERSION = 1;
				GENERATE_INFOPLIST_FILE = NO;
				INFOPLIST_FILE = BaggerInv/Info.plist;
				LD_RUNPATH_SEARCH_PATHS = (
					"$(inherited)",
					"@executable_path/Frameworks",
				);
				MARKETING_VERSION = 0.1.0;
				PRODUCT_BUNDLE_IDENTIFIER = "$(BAGGER_BUNDLE_IDENTIFIER)";
				PRODUCT_NAME = "$(TARGET_NAME)";
				SUPPORTED_PLATFORMS = "iphoneos iphonesimulator";
				SUPPORTS_MACCATALYST = NO;
				SWIFT_EMIT_LOC_STRINGS = YES;
				SWIFT_STRICT_CONCURRENCY = complete;
				TARGETED_DEVICE_FAMILY = 1;
			};
			name = Release;
		};
		A00000000000000000000086 /* Debug */ = {
			isa = XCBuildConfiguration;
			baseConfigurationReference = A00000000000000000000012 /* Base.xcconfig */;
			buildSettings = {
				BUNDLE_LOADER = "$(TEST_HOST)";
				CODE_SIGN_STYLE = Automatic;
				GENERATE_INFOPLIST_FILE = YES;
				PRODUCT_BUNDLE_IDENTIFIER = com.sandbaggerinvitational.bagger.preview.tests;
				PRODUCT_NAME = "$(TARGET_NAME)";
				SWIFT_STRICT_CONCURRENCY = complete;
				TARGETED_DEVICE_FAMILY = 1;
				TEST_HOST = "$(BUILT_PRODUCTS_DIR)/BaggerInv.app/$(BUNDLE_EXECUTABLE_FOLDER_PATH)/BaggerInv";
			};
			name = Debug;
		};
		A00000000000000000000087 /* Release */ = {
			isa = XCBuildConfiguration;
			baseConfigurationReference = A00000000000000000000012 /* Base.xcconfig */;
			buildSettings = {
				BUNDLE_LOADER = "$(TEST_HOST)";
				CODE_SIGN_STYLE = Automatic;
				GENERATE_INFOPLIST_FILE = YES;
				PRODUCT_BUNDLE_IDENTIFIER = com.sandbaggerinvitational.bagger.preview.tests;
				PRODUCT_NAME = "$(TARGET_NAME)";
				SWIFT_STRICT_CONCURRENCY = complete;
				TARGETED_DEVICE_FAMILY = 1;
				TEST_HOST = "$(BUILT_PRODUCTS_DIR)/BaggerInv.app/$(BUNDLE_EXECUTABLE_FOLDER_PATH)/BaggerInv";
			};
			name = Release;
		};
		A00000000000000000000089 /* Debug */ = {
			isa = XCBuildConfiguration;
			baseConfigurationReference = A00000000000000000000012 /* Base.xcconfig */;
			buildSettings = {
				CODE_SIGN_STYLE = Automatic;
				GENERATE_INFOPLIST_FILE = NO;
				INFOPLIST_FILE = BaggerInvUITests/Info.plist;
				PRODUCT_BUNDLE_IDENTIFIER = com.sandbaggerinvitational.bagger.preview.uitests;
				PRODUCT_NAME = "$(TARGET_NAME)";
				SWIFT_STRICT_CONCURRENCY = complete;
				TARGETED_DEVICE_FAMILY = 1;
				TEST_TARGET_NAME = BaggerInv;
			};
			name = Debug;
		};
		A00000000000000000000090 /* Release */ = {
			isa = XCBuildConfiguration;
			baseConfigurationReference = A00000000000000000000012 /* Base.xcconfig */;
			buildSettings = {
				CODE_SIGN_STYLE = Automatic;
				GENERATE_INFOPLIST_FILE = NO;
				INFOPLIST_FILE = BaggerInvUITests/Info.plist;
				PRODUCT_BUNDLE_IDENTIFIER = com.sandbaggerinvitational.bagger.preview.uitests;
				PRODUCT_NAME = "$(TARGET_NAME)";
				SWIFT_STRICT_CONCURRENCY = complete;
				TARGETED_DEVICE_FAMILY = 1;
				TEST_TARGET_NAME = BaggerInv;
			};
			name = Release;
		};
/* End XCBuildConfiguration section */

/* Begin XCConfigurationList section */
		A00000000000000000000082 /* Build configuration list for PBXProject "BaggerInv" */ = {
			isa = XCConfigurationList;
			buildConfigurations = (
				A00000000000000000000080 /* Debug */,
				A00000000000000000000081 /* Release */,
			);
			defaultConfigurationIsVisible = 0;
			defaultConfigurationName = Release;
		};
		A00000000000000000000085 /* Build configuration list for PBXNativeTarget "BaggerInv" */ = {
			isa = XCConfigurationList;
			buildConfigurations = (
				A00000000000000000000083 /* Debug */,
				A00000000000000000000084 /* Release */,
			);
			defaultConfigurationIsVisible = 0;
			defaultConfigurationName = Release;
		};
		A00000000000000000000088 /* Build configuration list for PBXNativeTarget "BaggerInvTests" */ = {
			isa = XCConfigurationList;
			buildConfigurations = (
				A00000000000000000000086 /* Debug */,
				A00000000000000000000087 /* Release */,
			);
			defaultConfigurationIsVisible = 0;
			defaultConfigurationName = Release;
		};
		A00000000000000000000091 /* Build configuration list for PBXNativeTarget "BaggerInvUITests" */ = {
			isa = XCConfigurationList;
			buildConfigurations = (
				A00000000000000000000089 /* Debug */,
				A00000000000000000000090 /* Release */,
			);
			defaultConfigurationIsVisible = 0;
			defaultConfigurationName = Release;
		};
/* End XCConfigurationList section */

/* Begin XCRemoteSwiftPackageReference section */
		A00000000000000000000060 /* XCRemoteSwiftPackageReference "supabase-swift" */ = {
			isa = XCRemoteSwiftPackageReference;
			repositoryURL = "https://github.com/supabase/supabase-swift.git";
			requirement = {
				kind = exactVersion;
				version = 2.55.1;
			};
		};
/* End XCRemoteSwiftPackageReference section */

/* Begin XCSwiftPackageProductDependency section */
		A00000000000000000000061 /* Supabase */ = {
			isa = XCSwiftPackageProductDependency;
			package = A00000000000000000000060 /* XCRemoteSwiftPackageReference "supabase-swift" */;
			productName = Supabase;
		};
/* End XCSwiftPackageProductDependency section */
	};
	rootObject = A00000000000000000000001 /* Project object */;
}
